<Solution>
  <Folder Name="/src/">
    <Project Path="src/ArchiveAssist.App/ArchiveAssist.App.csproj" />
    <Project Path="src/ArchiveAssist.Core/ArchiveAssist.Core.csproj" />
  </Folder>
  <Folder Name="/tests/">
    <Project Path="tests/ArchiveAssist.App.Tests/ArchiveAssist.App.Tests.csproj" />
    <Project Path="tests/ArchiveAssist.Core.Tests/ArchiveAssist.Core.Tests.csproj" />
  </Folder>
</Solution>
